
Microsoft Visual Studio Solution File, Format Version 12.00
# Visual Studio 14
VisualStudioVersion = 14.0.25420.1
MinimumVisualStudioVersion = 10.0.40219.1
Project("{E24C65DC-7377-472B-9ABA-BC803B73C61A}") = "HTMLday2miniproject", "..\..\WebSites\HTMLday2miniproject\", "{F7774D8C-E36C-4BEA-BF72-4222AA0684C0}"
	ProjectSection(WebsiteProperties) = preProject
		TargetFrameworkMoniker = ".NETFramework,Version%3Dv4.5.2"
		Debug.AspNetCompiler.VirtualPath = "/localhost_63896"
		Debug.AspNetCompiler.PhysicalPath = "..\..\WebSites\HTMLday2miniproject\"
		Debug.AspNetCompiler.TargetPath = "PrecompiledWeb\localhost_63896\"
		Debug.AspNetCompiler.Updateable = "true"
		Debug.AspNetCompiler.ForceOverwrite = "true"
		Debug.AspNetCompiler.FixedNames = "false"
		Debug.AspNetCompiler.Debug = "True"
		Release.AspNetCompiler.VirtualPath = "/localhost_63896"
		Release.AspNetCompiler.PhysicalPath = "..\..\WebSites\HTMLday2miniproject\"
		Release.AspNetCompiler.TargetPath = "PrecompiledWeb\localhost_63896\"
		Release.AspNetCompiler.Updateable = "true"
		Release.AspNetCompiler.ForceOverwrite = "true"
		Release.AspNetCompiler.FixedNames = "false"
		Release.AspNetCompiler.Debug = "False"
		VWDPort = "63896"
		SlnRelativePath = "..\..\WebSites\HTMLday2miniproject\"
		DefaultWebSiteLanguage = "Visual C#"
	EndProjectSection
EndProject
Global
	GlobalSection(SolutionConfigurationPlatforms) = preSolution
		Debug|Any CPU = Debug|Any CPU
	EndGlobalSection
	GlobalSection(ProjectConfigurationPlatforms) = postSolution
		{F7774D8C-E36C-4BEA-BF72-4222AA0684C0}.Debug|Any CPU.ActiveCfg = Debug|Any CPU
		{F7774D8C-E36C-4BEA-BF72-4222AA0684C0}.Debug|Any CPU.Build.0 = Debug|Any CPU
	EndGlobalSection
	GlobalSection(SolutionProperties) = preSolution
		HideSolutionNode = FALSE
	EndGlobalSection
EndGlobal
